<?xml version="1.0" encoding="UTF-8"?>
<!DOCTYPE plist PUBLIC "-//Apple//DTD PLIST 1.0//EN" "http://www.apple.com/DTDs/PropertyList-1.0.dtd">
<plist version="1.0">
<dict>
	<key>archiveVersion</key>
	<string>1</string>
	<key>classes</key>
	<dict/>
	<key>objectVersion</key>
	<string>46</string>
	<key>objects</key>
	<dict>
		<key>0FAF99CED7284938A1FB16AE</key>
		<dict>
			<key>buildActionMask</key>
			<string>2147483647</string>
			<key>files</key>
			<array/>
			<key>inputPaths</key>
			<array/>
			<key>isa</key>
			<string>PBXShellScriptBuildPhase</string>
			<key>name</key>
			<string>Warn for TODO and FIXME comments</string>
			<key>outputPaths</key>
			<array/>
			<key>runOnlyForDeploymentPostprocessing</key>
			<string>0</string>
			<key>shellPath</key>
			<string>/bin/sh</string>
			<key>shellScript</key>
			<string>KEYWORDS="TODO:|FIXME:|\?\?\?:|\!\!\!:"
find "${SRCROOT}" -ipath "${SRCROOT}/pods" -prune -o \( -name "*.h" -or -name "*.m" \) -print0 | xargs -0 egrep --with-filename --line-number --only-matching "($KEYWORDS).*\$" | perl -p -e "s/($KEYWORDS)/ warning: \$1/"
</string>
		</dict>
		<key>225CAB2576944BB4A66DFD99</key>
		<dict>
			<key>fileRef</key>
			<string>7122029A09D54CBD9CE7032A</string>
			<key>isa</key>
			<string>PBXBuildFile</string>
			<key>settings</key>
			<dict/>
		</dict>
		<key>5B9C603D16D7FABA005A0E8C</key>
		<dict>
			<key>children</key>
			<array>
				<string>5B9C604F16D7FABA005A0E8C</string>
				<string>5B9C607616D7FABA005A0E8C</string>
				<string>5B9C604816D7FABA005A0E8C</string>
				<string>5B9C604716D7FABA005A0E8C</string>
				<string>E5216C293AFC4B30A3147A14</string>
			</array>
			<key>indentWidth</key>
			<string>4</string>
			<key>isa</key>
			<string>PBXGroup</string>
			<key>sourceTree</key>
			<string>&lt;group&gt;</string>
			<key>tabWidth</key>
			<string>4</string>
			<key>usesTabs</key>
			<string>0</string>
		</dict>
		<key>5B9C603E16D7FABA005A0E8C</key>
		<dict>
			<key>attributes</key>
			<dict>
				<key>CLASSPREFIX</key>
				<string>RAMCloudDocumentsExample</string>
				<key>LastUpgradeCheck</key>
				<string>0460</string>
				<key>ORGANIZATIONNAME</key>
				<string>bNapkin</string>
			</dict>
			<key>buildConfigurationList</key>
			<string>5B9C604116D7FABA005A0E8C</string>
			<key>compatibilityVersion</key>
			<string>Xcode 3.2</string>
			<key>developmentRegion</key>
			<string>English</string>
			<key>hasScannedForEncodings</key>
			<string>0</string>
			<key>isa</key>
			<string>PBXProject</string>
			<key>knownRegions</key>
			<array>
				<string>en</string>
			</array>
			<key>mainGroup</key>
			<string>5B9C603D16D7FABA005A0E8C</string>
			<key>productRefGroup</key>
			<string>5B9C604716D7FABA005A0E8C</string>
			<key>projectDirPath</key>
			<string></string>
			<key>projectReferences</key>
			<array/>
			<key>projectRoot</key>
			<string></string>
			<key>targets</key>
			<array>
				<string>5B9C604516D7FABA005A0E8C</string>
				<string>5B9C606E16D7FABA005A0E8C</string>
			</array>
		</dict>
		<key>5B9C604116D7FABA005A0E8C</key>
		<dict>
			<key>buildConfigurations</key>
			<array>
				<string>5B9C607F16D7FABA005A0E8C</string>
				<string>5B9C608016D7FABA005A0E8C</string>
			</array>
			<key>defaultConfigurationIsVisible</key>
			<string>0</string>
			<key>defaultConfigurationName</key>
			<string>Release</string>
			<key>isa</key>
			<string>XCConfigurationList</string>
		</dict>
		<key>5B9C604216D7FABA005A0E8C</key>
		<dict>
			<key>buildActionMask</key>
			<string>2147483647</string>
			<key>files</key>
			<array>
				<string>5B9C605616D7FABA005A0E8C</string>
				<string>5B9C605A16D7FABA005A0E8C</string>
				<string>5B9C606916D7FABA005A0E8C</string>
			</array>
			<key>isa</key>
			<string>PBXSourcesBuildPhase</string>
			<key>runOnlyForDeploymentPostprocessing</key>
			<string>0</string>
		</dict>
		<key>5B9C604316D7FABA005A0E8C</key>
		<dict>
			<key>buildActionMask</key>
			<string>2147483647</string>
			<key>files</key>
			<array>
				<string>5B9C604A16D7FABA005A0E8C</string>
				<string>5B9C604C16D7FABA005A0E8C</string>
				<string>5B9C604E16D7FABA005A0E8C</string>
				<string>225CAB2576944BB4A66DFD99</string>
			</array>
			<key>isa</key>
			<string>PBXFrameworksBuildPhase</string>
			<key>runOnlyForDeploymentPostprocessing</key>
			<string>0</string>
		</dict>
		<key>5B9C604416D7FABA005A0E8C</key>
		<dict>
			<key>buildActionMask</key>
			<string>2147483647</string>
			<key>files</key>
			<array>
				<string>5B9C605416D7FABA005A0E8C</string>
				<string>5B9C605C16D7FABA005A0E8C</string>
				<string>5B9C605E16D7FABA005A0E8C</string>
				<string>5B9C606016D7FABA005A0E8C</string>
				<string>5B9C606316D7FABA005A0E8C</string>
				<string>5B9C606616D7FABA005A0E8C</string>
			</array>
			<key>isa</key>
			<string>PBXResourcesBuildPhase</string>
			<key>runOnlyForDeploymentPostprocessing</key>
			<string>0</string>
		</dict>
		<key>5B9C604516D7FABA005A0E8C</key>
		<dict>
			<key>buildConfigurationList</key>
			<string>5B9C608116D7FABA005A0E8C</string>
			<key>buildPhases</key>
			<array>
				<string>5B9C604216D7FABA005A0E8C</string>
				<string>5B9C604316D7FABA005A0E8C</string>
				<string>5B9C604416D7FABA005A0E8C</string>
				<string>0FAF99CED7284938A1FB16AE</string>
				<string>A452382821CB48DF840D6A63</string>
			</array>
			<key>buildRules</key>
			<array/>
			<key>dependencies</key>
			<array/>
			<key>isa</key>
			<string>PBXNativeTarget</string>
			<key>name</key>
			<string>RAMCloudDocumentsExample</string>
			<key>productName</key>
			<string>RAMCloudDocumentsExample</string>
			<key>productReference</key>
			<string>5B9C604616D7FABA005A0E8C</string>
			<key>productType</key>
			<string>com.apple.product-type.application</string>
		</dict>
		<key>5B9C604616D7FABA005A0E8C</key>
		<dict>
			<key>explicitFileType</key>
			<string>wrapper.application</string>
			<key>includeInIndex</key>
			<string>0</string>
			<key>isa</key>
			<string>PBXFileReference</string>
			<key>name</key>
			<string>RAMCloudDocumentsExample.app</string>
			<key>path</key>
			<string>RAMCloudDocumentsExample.app</string>
			<key>sourceTree</key>
			<string>BUILT_PRODUCTS_DIR</string>
		</dict>
		<key>5B9C604716D7FABA005A0E8C</key>
		<dict>
			<key>children</key>
			<array>
				<string>5B9C604616D7FABA005A0E8C</string>
				<string>5B9C606F16D7FABA005A0E8C</string>
			</array>
			<key>isa</key>
			<string>PBXGroup</string>
			<key>name</key>
			<string>Products</string>
			<key>sourceTree</key>
			<string>&lt;group&gt;</string>
		</dict>
		<key>5B9C604816D7FABA005A0E8C</key>
		<dict>
			<key>children</key>
			<array>
				<string>5B9C604916D7FABA005A0E8C</string>
				<string>5B9C604B16D7FABA005A0E8C</string>
				<string>5B9C604D16D7FABA005A0E8C</string>
				<string>5B9C607016D7FABA005A0E8C</string>
				<string>7122029A09D54CBD9CE7032A</string>
			</array>
			<key>isa</key>
			<string>PBXGroup</string>
			<key>name</key>
			<string>Frameworks</string>
			<key>sourceTree</key>
			<string>&lt;group&gt;</string>
		</dict>
		<key>5B9C604916D7FABA005A0E8C</key>
		<dict>
			<key>isa</key>
			<string>PBXFileReference</string>
			<key>lastKnownFileType</key>
			<string>wrapper.framework</string>
			<key>name</key>
			<string>UIKit.framework</string>
			<key>path</key>
			<string>System/Library/Frameworks/UIKit.framework</string>
			<key>sourceTree</key>
			<string>SDKROOT</string>
		</dict>
		<key>5B9C604A16D7FABA005A0E8C</key>
		<dict>
			<key>fileRef</key>
			<string>5B9C604916D7FABA005A0E8C</string>
			<key>isa</key>
			<string>PBXBuildFile</string>
		</dict>
		<key>5B9C604B16D7FABA005A0E8C</key>
		<dict>
			<key>isa</key>
			<string>PBXFileReference</string>
			<key>lastKnownFileType</key>
			<string>wrapper.framework</string>
			<key>name</key>
			<string>Foundation.framework</string>
			<key>path</key>
			<string>System/Library/Frameworks/Foundation.framework</string>
			<key>sourceTree</key>
			<string>SDKROOT</string>
		</dict>
		<key>5B9C604C16D7FABA005A0E8C</key>
		<dict>
			<key>fileRef</key>
			<string>5B9C604B16D7FABA005A0E8C</string>
			<key>isa</key>
			<string>PBXBuildFile</string>
		</dict>
		<key>5B9C604D16D7FABA005A0E8C</key>
		<dict>
			<key>isa</key>
			<string>PBXFileReference</string>
			<key>lastKnownFileType</key>
			<string>wrapper.framework</string>
			<key>name</key>
			<string>CoreGraphics.framework</string>
			<key>path</key>
			<string>System/Library/Frameworks/CoreGraphics.framework</string>
			<key>sourceTree</key>
			<string>SDKROOT</string>
		</dict>
		<key>5B9C604E16D7FABA005A0E8C</key>
		<dict>
			<key>fileRef</key>
			<string>5B9C604D16D7FABA005A0E8C</string>
			<key>isa</key>
			<string>PBXBuildFile</string>
		</dict>
		<key>5B9C604F16D7FABA005A0E8C</key>
		<dict>
			<key>children</key>
			<array>
				<string>5B9C605816D7FABA005A0E8C</string>
				<string>5B9C605916D7FABA005A0E8C</string>
				<string>5B9C606116D7FABA005A0E8C</string>
				<string>5B9C606416D7FABA005A0E8C</string>
				<string>5B9C606716D7FABA005A0E8C</string>
				<string>5B9C606816D7FABA005A0E8C</string>
				<string>5B9C605016D7FABA005A0E8C</string>
			</array>
			<key>isa</key>
			<string>PBXGroup</string>
			<key>path</key>
			<string>RAMCloudDocumentsExample</string>
			<key>sourceTree</key>
			<string>&lt;group&gt;</string>
		</dict>
		<key>5B9C605016D7FABA005A0E8C</key>
		<dict>
			<key>children</key>
			<array>
				<string>5B9C605116D7FABA005A0E8C</string>
				<string>5B9C605216D7FABA005A0E8C</string>
				<string>5B9C605516D7FABA005A0E8C</string>
				<string>5B9C605716D7FABA005A0E8C</string>
				<string>5B9C605B16D7FABA005A0E8C</string>
				<string>5B9C605D16D7FABA005A0E8C</string>
				<string>5B9C605F16D7FABA005A0E8C</string>
			</array>
			<key>isa</key>
			<string>PBXGroup</string>
			<key>name</key>
			<string>Supporting Files</string>
			<key>sourceTree</key>
			<string>&lt;group&gt;</string>
		</dict>
		<key>5B9C605116D7FABA005A0E8C</key>
		<dict>
			<key>isa</key>
			<string>PBXFileReference</string>
			<key>lastKnownFileType</key>
			<string>text.plist.xml</string>
			<key>path</key>
			<string>RAMCloudDocumentsExample-Info.plist</string>
			<key>sourceTree</key>
			<string>&lt;group&gt;</string>
		</dict>
		<key>5B9C605216D7FABA005A0E8C</key>
		<dict>
			<key>children</key>
			<array>
				<string>5B9C605316D7FABA005A0E8C</string>
			</array>
			<key>isa</key>
			<string>PBXVariantGroup</string>
			<key>name</key>
			<string>InfoPlist.strings</string>
			<key>sourceTree</key>
			<string>&lt;group&gt;</string>
		</dict>
		<key>5B9C605316D7FABA005A0E8C</key>
		<dict>
			<key>isa</key>
			<string>PBXFileReference</string>
			<key>lastKnownFileType</key>
			<string>text.plist.strings</string>
			<key>name</key>
			<string>en</string>
			<key>path</key>
			<string>en.lproj/InfoPlist.strings</string>
			<key>sourceTree</key>
			<string>&lt;group&gt;</string>
		</dict>
		<key>5B9C605416D7FABA005A0E8C</key>
		<dict>
			<key>fileRef</key>
			<string>5B9C605216D7FABA005A0E8C</string>
			<key>isa</key>
			<string>PBXBuildFile</string>
		</dict>
		<key>5B9C605516D7FABA005A0E8C</key>
		<dict>
			<key>isa</key>
			<string>PBXFileReference</string>
			<key>lastKnownFileType</key>
			<string>sourcecode.c.objc</string>
			<key>path</key>
			<string>main.m</string>
			<key>sourceTree</key>
			<string>&lt;group&gt;</string>
		</dict>
		<key>5B9C605616D7FABA005A0E8C</key>
		<dict>
			<key>fileRef</key>
			<string>5B9C605516D7FABA005A0E8C</string>
			<key>isa</key>
			<string>PBXBuildFile</string>
		</dict>
		<key>5B9C605716D7FABA005A0E8C</key>
		<dict>
			<key>isa</key>
			<string>PBXFileReference</string>
			<key>lastKnownFileType</key>
			<string>sourcecode.c.h</string>
			<key>path</key>
			<string>RAMCloudDocumentsExample-Prefix.pch</string>
			<key>sourceTree</key>
			<string>&lt;group&gt;</string>
		</dict>
		<key>5B9C605816D7FABA005A0E8C</key>
		<dict>
			<key>isa</key>
			<string>PBXFileReference</string>
			<key>lastKnownFileType</key>
			<string>sourcecode.c.h</string>
			<key>path</key>
			<string>RAMCloudDocumentsExampleAppDelegate.h</string>
			<key>sourceTree</key>
			<string>&lt;group&gt;</string>
		</dict>
		<key>5B9C605916D7FABA005A0E8C</key>
		<dict>
			<key>isa</key>
			<string>PBXFileReference</string>
			<key>lastKnownFileType</key>
			<string>sourcecode.c.objc</string>
			<key>path</key>
			<string>RAMCloudDocumentsExampleAppDelegate.m</string>
			<key>sourceTree</key>
			<string>&lt;group&gt;</string>
		</dict>
		<key>5B9C605A16D7FABA005A0E8C</key>
		<dict>
			<key>fileRef</key>
			<string>5B9C605916D7FABA005A0E8C</string>
			<key>isa</key>
			<string>PBXBuildFile</string>
		</dict>
		<key>5B9C605B16D7FABA005A0E8C</key>
		<dict>
			<key>isa</key>
			<string>PBXFileReference</string>
			<key>lastKnownFileType</key>
			<string>image.png</string>
			<key>path</key>
			<string>Default.png</string>
			<key>sourceTree</key>
			<string>&lt;group&gt;</string>
		</dict>
		<key>5B9C605C16D7FABA005A0E8C</key>
		<dict>
			<key>fileRef</key>
			<string>5B9C605B16D7FABA005A0E8C</string>
			<key>isa</key>
			<string>PBXBuildFile</string>
		</dict>
		<key>5B9C605D16D7FABA005A0E8C</key>
		<dict>
			<key>isa</key>
			<string>PBXFileReference</string>
			<key>lastKnownFileType</key>
			<string>image.png</string>
			<key>path</key>
			<string>Default@2x.png</string>
			<key>sourceTree</key>
			<string>&lt;group&gt;</string>
		</dict>
		<key>5B9C605E16D7FABA005A0E8C</key>
		<dict>
			<key>fileRef</key>
			<string>5B9C605D16D7FABA005A0E8C</string>
			<key>isa</key>
			<string>PBXBuildFile</string>
		</dict>
		<key>5B9C605F16D7FABA005A0E8C</key>
		<dict>
			<key>isa</key>
			<string>PBXFileReference</string>
			<key>lastKnownFileType</key>
			<string>image.png</string>
			<key>path</key>
			<string>Default-568h@2x.png</string>
			<key>sourceTree</key>
			<string>&lt;group&gt;</string>
		</dict>
		<key>5B9C606016D7FABA005A0E8C</key>
		<dict>
			<key>fileRef</key>
			<string>5B9C605F16D7FABA005A0E8C</string>
			<key>isa</key>
			<string>PBXBuildFile</string>
		</dict>
		<key>5B9C606116D7FABA005A0E8C</key>
		<dict>
			<key>children</key>
			<array>
				<string>5B9C606216D7FABA005A0E8C</string>
			</array>
			<key>isa</key>
			<string>PBXVariantGroup</string>
			<key>name</key>
			<string>MainStoryboard_iPhone.storyboard</string>
			<key>sourceTree</key>
			<string>&lt;group&gt;</string>
		</dict>
		<key>5B9C606216D7FABA005A0E8C</key>
		<dict>
			<key>isa</key>
			<string>PBXFileReference</string>
			<key>lastKnownFileType</key>
			<string>file.storyboard</string>
			<key>name</key>
			<string>en</string>
			<key>path</key>
			<string>en.lproj/MainStoryboard_iPhone.storyboard</string>
			<key>sourceTree</key>
			<string>&lt;group&gt;</string>
		</dict>
		<key>5B9C606316D7FABA005A0E8C</key>
		<dict>
			<key>fileRef</key>
			<string>5B9C606116D7FABA005A0E8C</string>
			<key>isa</key>
			<string>PBXBuildFile</string>
		</dict>
		<key>5B9C606416D7FABA005A0E8C</key>
		<dict>
			<key>children</key>
			<array>
				<string>5B9C606516D7FABA005A0E8C</string>
			</array>
			<key>isa</key>
			<string>PBXVariantGroup</string>
			<key>name</key>
			<string>MainStoryboard_iPad.storyboard</string>
			<key>sourceTree</key>
			<string>&lt;group&gt;</string>
		</dict>
		<key>5B9C606516D7FABA005A0E8C</key>
		<dict>
			<key>isa</key>
			<string>PBXFileReference</string>
			<key>lastKnownFileType</key>
			<string>file.storyboard</string>
			<key>name</key>
			<string>en</string>
			<key>path</key>
			<string>en.lproj/MainStoryboard_iPad.storyboard</string>
			<key>sourceTree</key>
			<string>&lt;group&gt;</string>
		</dict>
		<key>5B9C606616D7FABA005A0E8C</key>
		<dict>
			<key>fileRef</key>
			<string>5B9C606416D7FABA005A0E8C</string>
			<key>isa</key>
			<string>PBXBuildFile</string>
		</dict>
		<key>5B9C606716D7FABA005A0E8C</key>
		<dict>
			<key>isa</key>
			<string>PBXFileReference</string>
			<key>lastKnownFileType</key>
			<string>sourcecode.c.h</string>
			<key>path</key>
			<string>RAMCloudDocumentsExampleViewController.h</string>
			<key>sourceTree</key>
			<string>&lt;group&gt;</string>
		</dict>
		<key>5B9C606816D7FABA005A0E8C</key>
		<dict>
			<key>isa</key>
			<string>PBXFileReference</string>
			<key>lastKnownFileType</key>
			<string>sourcecode.c.objc</string>
			<key>path</key>
			<string>RAMCloudDocumentsExampleViewController.m</string>
			<key>sourceTree</key>
			<string>&lt;group&gt;</string>
		</dict>
		<key>5B9C606916D7FABA005A0E8C</key>
		<dict>
			<key>fileRef</key>
			<string>5B9C606816D7FABA005A0E8C</string>
			<key>isa</key>
			<string>PBXBuildFile</string>
		</dict>
		<key>5B9C606A16D7FABA005A0E8C</key>
		<dict>
			<key>buildActionMask</key>
			<string>2147483647</string>
			<key>files</key>
			<array>
				<string>5B9C607E16D7FABA005A0E8C</string>
			</array>
			<key>isa</key>
			<string>PBXSourcesBuildPhase</string>
			<key>runOnlyForDeploymentPostprocessing</key>
			<string>0</string>
		</dict>
		<key>5B9C606B16D7FABA005A0E8C</key>
		<dict>
			<key>buildActionMask</key>
			<string>2147483647</string>
			<key>files</key>
			<array>
				<string>5B9C607116D7FABA005A0E8C</string>
				<string>5B9C607216D7FABA005A0E8C</string>
				<string>5B9C607316D7FABA005A0E8C</string>
			</array>
			<key>isa</key>
			<string>PBXFrameworksBuildPhase</string>
			<key>runOnlyForDeploymentPostprocessing</key>
			<string>0</string>
		</dict>
		<key>5B9C606C16D7FABA005A0E8C</key>
		<dict>
			<key>buildActionMask</key>
			<string>2147483647</string>
			<key>files</key>
			<array>
				<string>5B9C607B16D7FABA005A0E8C</string>
			</array>
			<key>isa</key>
			<string>PBXResourcesBuildPhase</string>
			<key>runOnlyForDeploymentPostprocessing</key>
			<string>0</string>
		</dict>
		<key>5B9C606D16D7FABA005A0E8C</key>
		<dict>
			<key>buildActionMask</key>
			<string>2147483647</string>
			<key>files</key>
			<array/>
			<key>inputPaths</key>
			<array/>
			<key>isa</key>
			<string>PBXShellScriptBuildPhase</string>
			<key>outputPaths</key>
			<array/>
			<key>runOnlyForDeploymentPostprocessing</key>
			<string>0</string>
			<key>shellPath</key>
			<string>/bin/sh</string>
			<key>shellScript</key>
			<string># Run the unit tests in this test bundle.
"${SYSTEM_DEVELOPER_DIR}/Tools/RunUnitTests"
</string>
		</dict>
		<key>5B9C606E16D7FABA005A0E8C</key>
		<dict>
			<key>buildConfigurationList</key>
			<string>5B9C608416D7FABA005A0E8C</string>
			<key>buildPhases</key>
			<array>
				<string>5B9C606A16D7FABA005A0E8C</string>
				<string>5B9C606B16D7FABA005A0E8C</string>
				<string>5B9C606C16D7FABA005A0E8C</string>
				<string>5B9C606D16D7FABA005A0E8C</string>
			</array>
			<key>buildRules</key>
			<array/>
			<key>dependencies</key>
			<array>
				<string>5B9C607516D7FABA005A0E8C</string>
			</array>
			<key>isa</key>
			<string>PBXNativeTarget</string>
			<key>name</key>
			<string>RAMCloudDocumentsExampleTests</string>
			<key>productName</key>
			<string>RAMCloudDocumentsExampleTests</string>
			<key>productReference</key>
			<string>5B9C606F16D7FABA005A0E8C</string>
			<key>productType</key>
			<string>com.apple.product-type.bundle</string>
		</dict>
		<key>5B9C606F16D7FABA005A0E8C</key>
		<dict>
			<key>explicitFileType</key>
			<string>wrapper.cfbundle</string>
			<key>includeInIndex</key>
			<string>0</string>
			<key>isa</key>
			<string>PBXFileReference</string>
			<key>name</key>
			<string>RAMCloudDocumentsExampleTests.octest</string>
			<key>path</key>
			<string>RAMCloudDocumentsExampleTests.octest</string>
			<key>sourceTree</key>
			<string>BUILT_PRODUCTS_DIR</string>
		</dict>
		<key>5B9C607016D7FABA005A0E8C</key>
		<dict>
			<key>isa</key>
			<string>PBXFileReference</string>
			<key>lastKnownFileType</key>
			<string>wrapper.framework</string>
			<key>name</key>
			<string>SenTestingKit.framework</string>
			<key>path</key>
			<string>Library/Frameworks/SenTestingKit.framework</string>
			<key>sourceTree</key>
			<string>DEVELOPER_DIR</string>
		</dict>
		<key>5B9C607116D7FABA005A0E8C</key>
		<dict>
			<key>fileRef</key>
			<string>5B9C607016D7FABA005A0E8C</string>
			<key>isa</key>
			<string>PBXBuildFile</string>
		</dict>
		<key>5B9C607216D7FABA005A0E8C</key>
		<dict>
			<key>fileRef</key>
			<string>5B9C604916D7FABA005A0E8C</string>
			<key>isa</key>
			<string>PBXBuildFile</string>
		</dict>
		<key>5B9C607316D7FABA005A0E8C</key>
		<dict>
			<key>fileRef</key>
			<string>5B9C604B16D7FABA005A0E8C</string>
			<key>isa</key>
			<string>PBXBuildFile</string>
		</dict>
		<key>5B9C607416D7FABA005A0E8C</key>
		<dict>
			<key>containerPortal</key>
			<string>5B9C603E16D7FABA005A0E8C</string>
			<key>isa</key>
			<string>PBXContainerItemProxy</string>
			<key>proxyType</key>
			<string>1</string>
			<key>remoteGlobalIDString</key>
			<string>5B9C604516D7FABA005A0E8C</string>
			<key>remoteInfo</key>
			<string>RAMCloudDocumentsExample</string>
		</dict>
		<key>5B9C607516D7FABA005A0E8C</key>
		<dict>
			<key>isa</key>
			<string>PBXTargetDependency</string>
			<key>target</key>
			<string>5B9C604516D7FABA005A0E8C</string>
			<key>targetProxy</key>
			<string>5B9C607416D7FABA005A0E8C</string>
		</dict>
		<key>5B9C607616D7FABA005A0E8C</key>
		<dict>
			<key>children</key>
			<array>
				<string>5B9C607C16D7FABA005A0E8C</string>
				<string>5B9C607D16D7FABA005A0E8C</string>
				<string>5B9C607716D7FABA005A0E8C</string>
			</array>
			<key>isa</key>
			<string>PBXGroup</string>
			<key>path</key>
			<string>RAMCloudDocumentsExampleTests</string>
			<key>sourceTree</key>
			<string>&lt;group&gt;</string>
		</dict>
		<key>5B9C607716D7FABA005A0E8C</key>
		<dict>
			<key>children</key>
			<array>
				<string>5B9C607816D7FABA005A0E8C</string>
				<string>5B9C607916D7FABA005A0E8C</string>
			</array>
			<key>isa</key>
			<string>PBXGroup</string>
			<key>name</key>
			<string>Supporting Files</string>
			<key>sourceTree</key>
			<string>&lt;group&gt;</string>
		</dict>
		<key>5B9C607816D7FABA005A0E8C</key>
		<dict>
			<key>isa</key>
			<string>PBXFileReference</string>
			<key>lastKnownFileType</key>
			<string>text.plist.xml</string>
			<key>path</key>
			<string>RAMCloudDocumentsExampleTests-Info.plist</string>
			<key>sourceTree</key>
			<string>&lt;group&gt;</string>
		</dict>
		<key>5B9C607916D7FABA005A0E8C</key>
		<dict>
			<key>children</key>
			<array>
				<string>5B9C607A16D7FABA005A0E8C</string>
			</array>
			<key>isa</key>
			<string>PBXVariantGroup</string>
			<key>name</key>
			<string>InfoPlist.strings</string>
			<key>sourceTree</key>
			<string>&lt;group&gt;</string>
		</dict>
		<key>5B9C607A16D7FABA005A0E8C</key>
		<dict>
			<key>isa</key>
			<string>PBXFileReference</string>
			<key>lastKnownFileType</key>
			<string>text.plist.strings</string>
			<key>name</key>
			<string>en</string>
			<key>path</key>
			<string>en.lproj/InfoPlist.strings</string>
			<key>sourceTree</key>
			<string>&lt;group&gt;</string>
		</dict>
		<key>5B9C607B16D7FABA005A0E8C</key>
		<dict>
			<key>fileRef</key>
			<string>5B9C607916D7FABA005A0E8C</string>
			<key>isa</key>
			<string>PBXBuildFile</string>
		</dict>
		<key>5B9C607C16D7FABA005A0E8C</key>
		<dict>
			<key>isa</key>
			<string>PBXFileReference</string>
			<key>lastKnownFileType</key>
			<string>sourcecode.c.h</string>
			<key>path</key>
			<string>RAMCloudDocumentsExampleTests.h</string>
			<key>sourceTree</key>
			<string>&lt;group&gt;</string>
		</dict>
		<key>5B9C607D16D7FABA005A0E8C</key>
		<dict>
			<key>isa</key>
			<string>PBXFileReference</string>
			<key>lastKnownFileType</key>
			<string>sourcecode.c.objc</string>
			<key>path</key>
			<string>RAMCloudDocumentsExampleTests.m</string>
			<key>sourceTree</key>
			<string>&lt;group&gt;</string>
		</dict>
		<key>5B9C607E16D7FABA005A0E8C</key>
		<dict>
			<key>fileRef</key>
			<string>5B9C607D16D7FABA005A0E8C</string>
			<key>isa</key>
			<string>PBXBuildFile</string>
		</dict>
		<key>5B9C607F16D7FABA005A0E8C</key>
		<dict>
			<key>buildSettings</key>
			<dict>
				<key>ALWAYS_SEARCH_USER_PATHS</key>
				<string>NO</string>
				<key>CLANG_CXX_LANGUAGE_STANDARD</key>
				<string>gnu++0x</string>
				<key>CLANG_CXX_LIBRARY</key>
				<string>libc++</string>
				<key>CLANG_ENABLE_OBJC_ARC</key>
				<string>YES</string>
				<key>CLANG_WARN_CONSTANT_CONVERSION</key>
				<string>YES</string>
				<key>CLANG_WARN_EMPTY_BODY</key>
				<string>YES</string>
				<key>CLANG_WARN_ENUM_CONVERSION</key>
				<string>YES</string>
				<key>CLANG_WARN_INT_CONVERSION</key>
				<string>YES</string>
				<key>CLANG_WARN__DUPLICATE_METHOD_MATCH</key>
				<string>YES</string>
				<key>CODE_SIGN_IDENTITY[sdk=iphoneos*]</key>
				<string>iPhone Developer</string>
				<key>COPY_PHASE_STRIP</key>
				<string>NO</string>
				<key>GCC_C_LANGUAGE_STANDARD</key>
				<string>gnu99</string>
				<key>GCC_DYNAMIC_NO_PIC</key>
				<string>NO</string>
				<key>GCC_OPTIMIZATION_LEVEL</key>
				<string>0</string>
				<key>GCC_PREPROCESSOR_DEFINITIONS</key>
				<array>
					<string>DEBUG=1</string>
					<string>$(inherited)</string>
				</array>
				<key>GCC_SYMBOLS_PRIVATE_EXTERN</key>
				<string>NO</string>
				<key>GCC_WARN_64_TO_32_BIT_CONVERSION</key>
				<string>YES</string>
				<key>GCC_WARN_ABOUT_MISSING_FIELD_INITIALIZERS</key>
				<string>YES</string>
				<key>GCC_WARN_ABOUT_MISSING_NEWLINE</key>
				<string>YES</string>
				<key>GCC_WARN_ABOUT_RETURN_TYPE</key>
				<string>YES</string>
				<key>GCC_WARN_CHECK_SWITCH_STATEMENTS</key>
				<string>YES</string>
				<key>GCC_WARN_INITIALIZER_NOT_FULLY_BRACKETED</key>
				<string>YES</string>
				<key>GCC_WARN_MISSING_PARENTHESES</key>
				<string>YES</string>
				<key>GCC_WARN_SHADOW</key>
				<string>YES</string>
				<key>GCC_WARN_SIGN_COMPARE</key>
				<string>YES</string>
				<key>GCC_WARN_TYPECHECK_CALLS_TO_PRINTF</key>
				<string>YES</string>
				<key>GCC_WARN_UNDECLARED_SELECTOR</key>
				<string>YES</string>
				<key>GCC_WARN_UNINITIALIZED_AUTOS</key>
				<string>YES</string>
				<key>GCC_WARN_UNUSED_FUNCTION</key>
				<string>YES</string>
				<key>GCC_WARN_UNUSED_LABEL</key>
				<string>YES</string>
				<key>GCC_WARN_UNUSED_VALUE</key>
				<string>YES</string>
				<key>GCC_WARN_UNUSED_VARIABLE</key>
				<string>YES</string>
				<key>IPHONEOS_DEPLOYMENT_TARGET</key>
				<string>6.1</string>
				<key>ONLY_ACTIVE_ARCH</key>
				<string>YES</string>
				<key>RUN_CLANG_STATIC_ANALYZER</key>
				<string>YES</string>
				<key>SDKROOT</key>
				<string>iphoneos</string>
				<key>TARGETED_DEVICE_FAMILY</key>
				<string>1,2</string>
			</dict>
			<key>isa</key>
			<string>XCBuildConfiguration</string>
			<key>name</key>
			<string>Debug</string>
		</dict>
		<key>5B9C608016D7FABA005A0E8C</key>
		<dict>
			<key>buildSettings</key>
			<dict>
				<key>ALWAYS_SEARCH_USER_PATHS</key>
				<string>NO</string>
				<key>CLANG_CXX_LANGUAGE_STANDARD</key>
				<string>gnu++0x</string>
				<key>CLANG_CXX_LIBRARY</key>
				<string>libc++</string>
				<key>CLANG_ENABLE_OBJC_ARC</key>
				<string>YES</string>
				<key>CLANG_WARN_CONSTANT_CONVERSION</key>
				<string>YES</string>
				<key>CLANG_WARN_EMPTY_BODY</key>
				<string>YES</string>
				<key>CLANG_WARN_ENUM_CONVERSION</key>
				<string>YES</string>
				<key>CLANG_WARN_INT_CONVERSION</key>
				<string>YES</string>
				<key>CLANG_WARN__DUPLICATE_METHOD_MATCH</key>
				<string>YES</string>
				<key>CODE_SIGN_IDENTITY[sdk=iphoneos*]</key>
				<string>iPhone Developer</string>
				<key>COPY_PHASE_STRIP</key>
				<string>YES</string>
				<key>GCC_C_LANGUAGE_STANDARD</key>
				<string>gnu99</string>
				<key>GCC_WARN_64_TO_32_BIT_CONVERSION</key>
				<string>YES</string>
				<key>GCC_WARN_ABOUT_MISSING_FIELD_INITIALIZERS</key>
				<string>YES</string>
				<key>GCC_WARN_ABOUT_MISSING_NEWLINE</key>
				<string>YES</string>
				<key>GCC_WARN_ABOUT_RETURN_TYPE</key>
				<string>YES</string>
				<key>GCC_WARN_CHECK_SWITCH_STATEMENTS</key>
				<string>YES</string>
				<key>GCC_WARN_INITIALIZER_NOT_FULLY_BRACKETED</key>
				<string>YES</string>
				<key>GCC_WARN_MISSING_PARENTHESES</key>
				<string>YES</string>
				<key>GCC_WARN_SHADOW</key>
				<string>YES</string>
				<key>GCC_WARN_SIGN_COMPARE</key>
				<string>YES</string>
				<key>GCC_WARN_TYPECHECK_CALLS_TO_PRINTF</key>
				<string>YES</string>
				<key>GCC_WARN_UNDECLARED_SELECTOR</key>
				<string>YES</string>
				<key>GCC_WARN_UNINITIALIZED_AUTOS</key>
				<string>YES</string>
				<key>GCC_WARN_UNUSED_FUNCTION</key>
				<string>YES</string>
				<key>GCC_WARN_UNUSED_LABEL</key>
				<string>YES</string>
				<key>GCC_WARN_UNUSED_VALUE</key>
				<string>YES</string>
				<key>GCC_WARN_UNUSED_VARIABLE</key>
				<string>YES</string>
				<key>IPHONEOS_DEPLOYMENT_TARGET</key>
				<string>6.1</string>
				<key>OTHER_CFLAGS</key>
				<string>-DNS_BLOCK_ASSERTIONS=1</string>
				<key>RUN_CLANG_STATIC_ANALYZER</key>
				<string>YES</string>
				<key>SDKROOT</key>
				<string>iphoneos</string>
				<key>TARGETED_DEVICE_FAMILY</key>
				<string>1,2</string>
				<key>VALIDATE_PRODUCT</key>
				<string>YES</string>
			</dict>
			<key>isa</key>
			<string>XCBuildConfiguration</string>
			<key>name</key>
			<string>Release</string>
		</dict>
		<key>5B9C608116D7FABA005A0E8C</key>
		<dict>
			<key>buildConfigurations</key>
			<array>
				<string>5B9C608216D7FABA005A0E8C</string>
				<string>5B9C608316D7FABA005A0E8C</string>
			</array>
			<key>defaultConfigurationIsVisible</key>
			<string>0</string>
			<key>isa</key>
			<string>XCConfigurationList</string>
		</dict>
		<key>5B9C608216D7FABA005A0E8C</key>
		<dict>
			<key>baseConfigurationReference</key>
			<string>E5216C293AFC4B30A3147A14</string>
			<key>buildSettings</key>
			<dict>
				<key>GCC_PRECOMPILE_PREFIX_HEADER</key>
				<string>YES</string>
				<key>GCC_PREFIX_HEADER</key>
				<string>RAMCloudDocumentsExample/RAMCloudDocumentsExample-Prefix.pch</string>
				<key>INFOPLIST_FILE</key>
				<string>RAMCloudDocumentsExample/RAMCloudDocumentsExample-Info.plist</string>
				<key>PRODUCT_NAME</key>
				<string>$(TARGET_NAME)</string>
				<key>WRAPPER_EXTENSION</key>
				<string>app</string>
			</dict>
			<key>isa</key>
			<string>XCBuildConfiguration</string>
			<key>name</key>
			<string>Debug</string>
		</dict>
		<key>5B9C608316D7FABA005A0E8C</key>
		<dict>
			<key>baseConfigurationReference</key>
			<string>E5216C293AFC4B30A3147A14</string>
			<key>buildSettings</key>
			<dict>
				<key>GCC_PRECOMPILE_PREFIX_HEADER</key>
				<string>YES</string>
				<key>GCC_PREFIX_HEADER</key>
				<string>RAMCloudDocumentsExample/RAMCloudDocumentsExample-Prefix.pch</string>
				<key>GCC_TREAT_WARNINGS_AS_ERRORS</key>
				<string>YES</string>
				<key>INFOPLIST_FILE</key>
				<string>RAMCloudDocumentsExample/RAMCloudDocumentsExample-Info.plist</string>
				<key>PRODUCT_NAME</key>
				<string>$(TARGET_NAME)</string>
				<key>WRAPPER_EXTENSION</key>
				<string>app</string>
			</dict>
			<key>isa</key>
			<string>XCBuildConfiguration</string>
			<key>name</key>
			<string>Release</string>
		</dict>
		<key>5B9C608416D7FABA005A0E8C</key>
		<dict>
			<key>buildConfigurations</key>
			<array>
				<string>5B9C608516D7FABA005A0E8C</string>
				<string>5B9C608616D7FABA005A0E8C</string>
			</array>
			<key>defaultConfigurationIsVisible</key>
			<string>0</string>
			<key>isa</key>
			<string>XCConfigurationList</string>
		</dict>
		<key>5B9C608516D7FABA005A0E8C</key>
		<dict>
			<key>buildSettings</key>
			<dict>
				<key>BUNDLE_LOADER</key>
				<string>$(BUILT_PRODUCTS_DIR)/RAMCloudDocumentsExample.app/RAMCloudDocumentsExample</string>
				<key>FRAMEWORK_SEARCH_PATHS</key>
				<array>
					<string>"$(SDKROOT)/Developer/Library/Frameworks"</string>
					<string>"$(DEVELOPER_LIBRARY_DIR)/Frameworks"</string>
				</array>
				<key>GCC_PRECOMPILE_PREFIX_HEADER</key>
				<string>YES</string>
				<key>GCC_PREFIX_HEADER</key>
				<string>RAMCloudDocumentsExample/RAMCloudDocumentsExample-Prefix.pch</string>
				<key>INFOPLIST_FILE</key>
				<string>RAMCloudDocumentsExampleTests/RAMCloudDocumentsExampleTests-Info.plist</string>
				<key>PRODUCT_NAME</key>
				<string>$(TARGET_NAME)</string>
				<key>TEST_HOST</key>
				<string>$(BUNDLE_LOADER)</string>
				<key>WRAPPER_EXTENSION</key>
				<string>octest</string>
			</dict>
			<key>isa</key>
			<string>XCBuildConfiguration</string>
			<key>name</key>
			<string>Debug</string>
		</dict>
		<key>5B9C608616D7FABA005A0E8C</key>
		<dict>
			<key>buildSettings</key>
			<dict>
				<key>BUNDLE_LOADER</key>
				<string>$(BUILT_PRODUCTS_DIR)/RAMCloudDocumentsExample.app/RAMCloudDocumentsExample</string>
				<key>FRAMEWORK_SEARCH_PATHS</key>
				<array>
					<string>"$(SDKROOT)/Developer/Library/Frameworks"</string>
					<string>"$(DEVELOPER_LIBRARY_DIR)/Frameworks"</string>
				</array>
				<key>GCC_PRECOMPILE_PREFIX_HEADER</key>
				<string>YES</string>
				<key>GCC_PREFIX_HEADER</key>
				<string>RAMCloudDocumentsExample/RAMCloudDocumentsExample-Prefix.pch</string>
				<key>INFOPLIST_FILE</key>
				<string>RAMCloudDocumentsExampleTests/RAMCloudDocumentsExampleTests-Info.plist</string>
				<key>PRODUCT_NAME</key>
				<string>$(TARGET_NAME)</string>
				<key>TEST_HOST</key>
				<string>$(BUNDLE_LOADER)</string>
				<key>WRAPPER_EXTENSION</key>
				<string>octest</string>
			</dict>
			<key>isa</key>
			<string>XCBuildConfiguration</string>
			<key>name</key>
			<string>Release</string>
		</dict>
		<key>7122029A09D54CBD9CE7032A</key>
		<dict>
			<key>explicitFileType</key>
			<string>archive.ar</string>
			<key>includeInIndex</key>
			<string>0</string>
			<key>isa</key>
			<string>PBXFileReference</string>
			<key>name</key>
			<string>libPods.a</string>
			<key>path</key>
			<string>libPods.a</string>
			<key>sourceTree</key>
			<string>BUILT_PRODUCTS_DIR</string>
		</dict>
		<key>A452382821CB48DF840D6A63</key>
		<dict>
			<key>buildActionMask</key>
			<string>2147483647</string>
			<key>files</key>
			<array/>
			<key>inputPaths</key>
			<array/>
			<key>isa</key>
			<string>PBXShellScriptBuildPhase</string>
			<key>name</key>
			<string>Copy Pods Resources</string>
			<key>outputPaths</key>
			<array/>
			<key>runOnlyForDeploymentPostprocessing</key>
			<string>0</string>
			<key>shellPath</key>
			<string>/bin/sh</string>
			<key>shellScript</key>
			<string>"${SRCROOT}/Pods/Pods-resources.sh"
</string>
			<key>showEnvVarsInLog</key>
			<string>1</string>
		</dict>
		<key>E5216C293AFC4B30A3147A14</key>
		<dict>
			<key>includeInIndex</key>
			<string>1</string>
			<key>isa</key>
			<string>PBXFileReference</string>
			<key>lastKnownFileType</key>
			<string>text.xcconfig</string>
			<key>name</key>
			<string>Pods.xcconfig</string>
			<key>path</key>
			<string>Pods/Pods.xcconfig</string>
			<key>sourceTree</key>
			<string>SOURCE_ROOT</string>
		</dict>
	</dict>
	<key>rootObject</key>
	<string>5B9C603E16D7FABA005A0E8C</string>
</dict>
</plist>
